{
  "name": "shapetrees",
  "version": "1.0.0",
  "lockfileVersion": 2,
  "requires": true,
  "packages": {
    "": {
      "name": "shapetrees",
      "version": "1.0.0",
      "license": "MIT",
      "workspaces": [
        "packages/client-core",
        "packages/core",
        "packages/client-http",
        "packages/jshttp"
      ]
    },
    "node_modules/@shapetrees/client-core": {
      "resolved": "packages/client-core",
      "link": true
    },
    "node_modules/@shapetrees/client-http": {
      "resolved": "packages/client-http",
      "link": true
    },
    "node_modules/@shapetrees/core": {
      "resolved": "packages/core",
      "link": true
    },
    "node_modules/@shpaetrees/js-http": {
      "resolved": "packages/jshttp",
      "link": true
    },
    "node_modules/typescript": {
      "version": "4.5.3",
      "resolved": "https://registry.npmjs.org/typescript/-/typescript-4.5.3.tgz",
      "integrity": "sha512-eVYaEHALSt+s9LbvgEv4Ef+Tdq7hBiIZgii12xXJnukryt3pMgJf6aKhoCZ3FWQsu6sydEnkg11fYXLzhLBjeQ==",
      "dev": true,
      "bin": {
        "tsc": "bin/tsc",
        "tsserver": "bin/tsserver"
      },
      "engines": {
        "node": ">=4.2.0"
      }
    },
    "packages/client-core": {
      "name": "@shapetrees/client-core",
      "version": "0.0.1",
      "license": "MIT",
      "devDependencies": {
        "typescript": "^4.5.3"
      }
    },
    "packages/client-http": {
      "name": "@shapetrees/client-http",
      "version": "0.0.1",
      "license": "MIT",
      "devDependencies": {
        "typescript": "^4.5.3"
      }
    },
    "packages/core": {
      "name": "@shapetrees/core",
      "version": "0.0.1",
      "license": "MIT",
      "devDependencies": {
        "typescript": "^4.5.3"
      }
    },
    "packages/jshttp": {
      "version": "0.0.1",
      "license": "MIT"
    }
  },
  "dependencies": {
    "@shapetrees/client-core": {
      "version": "file:packages/client-core",
      "requires": {
        "typescript": "*"
      }
    },
    "@shapetrees/client-http": {
      "version": "file:packages/client-http",
      "requires": {
        "typescript": "*"
      }
    },
    "@shapetrees/core": {
      "version": "file:packages/core",
      "requires": {
        "typescript": "^4.5.3"
      }
    },
    "@shpaetrees/js-http": {
      "version": "file:packages/jshttp"
    },
    "typescript": {
      "version": "4.5.3",
      "resolved": "https://registry.npmjs.org/typescript/-/typescript-4.5.3.tgz",
      "integrity": "sha512-eVYaEHALSt+s9LbvgEv4Ef+Tdq7hBiIZgii12xXJnukryt3pMgJf6aKhoCZ3FWQsu6sydEnkg11fYXLzhLBjeQ==",
      "dev": true
    }
  }
}
